
Microsoft Visual Studio Solution File, Format Version 12.00
# Visual Studio 15
VisualStudioVersion = 15.0.27703.2042
MinimumVisualStudioVersion = 10.0.40219.1
Project("{FAE04EC0-301F-11D3-BF4B-00C04F79EFBC}") = "MovieApp", "MovieApp\MovieApp.csproj", "{A600BF5A-3AB6-4581-9433-205405D5425E}"
EndProject
Global
	GlobalSection(SolutionConfigurationPlatforms) = preSolution
		Debug|Any CPU = Debug|Any CPU
		Release|Any CPU = Release|Any CPU
	EndGlobalSection
	GlobalSection(ProjectConfigurationPlatforms) = postSolution
		{A600BF5A-3AB6-4581-9433-205405D5425E}.Debug|Any CPU.ActiveCfg = Debug|Any CPU
		{A600BF5A-3AB6-4581-9433-205405D5425E}.Debug|Any CPU.Build.0 = Debug|Any CPU
		{A600BF5A-3AB6-4581-9433-205405D5425E}.Release|Any CPU.ActiveCfg = Release|Any CPU
		{A600BF5A-3AB6-4581-9433-205405D5425E}.Release|Any CPU.Build.0 = Release|Any CPU
	EndGlobalSection
	GlobalSection(SolutionProperties) = preSolution
		HideSolutionNode = FALSE
	EndGlobalSection
	GlobalSection(ExtensibilityGlobals) = postSolution
		SolutionGuid = {D3442B38-0941-4C81-9814-0F9F1822BA34}
	EndGlobalSection
EndGlobal
